
Microsoft Visual Studio Solution File, Format Version 12.00
# Visual Studio Version 16
VisualStudioVersion = 16.0.30225.117
MinimumVisualStudioVersion = 10.0.40219.1
Project("{FAE04EC0-301F-11D3-BF4B-00C04F79EFBC}") = "Course1", "Course1\Course1.csproj", "{2EFE943D-562E-449B-9C35-F8E0FE88EA3E}"
EndProject
Global
	GlobalSection(SolutionConfigurationPlatforms) = preSolution
		Debug|Any CPU = Debug|Any CPU
		Release|Any CPU = Release|Any CPU
	EndGlobalSection
	GlobalSection(ProjectConfigurationPlatforms) = postSolution
		{2EFE943D-562E-449B-9C35-F8E0FE88EA3E}.Debug|Any CPU.ActiveCfg = Debug|Any CPU
		{2EFE943D-562E-449B-9C35-F8E0FE88EA3E}.Debug|Any CPU.Build.0 = Debug|Any CPU
		{2EFE943D-562E-449B-9C35-F8E0FE88EA3E}.Release|Any CPU.ActiveCfg = Release|Any CPU
		{2EFE943D-562E-449B-9C35-F8E0FE88EA3E}.Release|Any CPU.Build.0 = Release|Any CPU
	EndGlobalSection
	GlobalSection(SolutionProperties) = preSolution
		HideSolutionNode = FALSE
	EndGlobalSection
	GlobalSection(ExtensibilityGlobals) = postSolution
		SolutionGuid = {64049FFD-6E59-4A54-8988-1168B7E32020}
	EndGlobalSection
EndGlobal
